{
  "version": 4,
  "terraform_version": "1.4.6",
  "serial": 38,
  "lineage": "daa60ca0-dc61-18c6-8d37-746cee284e1d",
  "outputs": {
    "ansible_inventory": {
      "value": {
        "servers": [
          "10.103.4.138"
        ]
      },
      "type": [
        "object",
        {
          "servers": [
            "list",
            "string"
          ]
        }
      ]
    }
  },
  "resources": [
    {
      "mode": "managed",
      "type": "local_file",
      "name": "hosts_cfg",
      "provider": "provider[\"registry.terraform.io/hashicorp/local\"]",
      "instances": [
        {
          "schema_version": 0,
          "attributes": {
            "content": "[servers]\n10.103.4.138",
            "content_base64": null,
            "content_base64sha256": "9EQyjtsHpNuvgl8LTMDxvOgZXLUhsMzNlgCObo2hJgE=",
            "content_base64sha512": "+50zY/1nWaCTIXR4U2qDBG1f8Wax7A9yWNMgt+aXhJkRbIKqTN3H0iDGXJ1HFKco3ty7p0uWdQimn8OokUPcqA==",
            "content_md5": "6af17f6dff78156a03d629535fd71b7d",
            "content_sha1": "587792d084d3a19b04771750f2050fe83cbda2f5",
            "content_sha256": "f444328edb07a4dbaf825f0b4cc0f1bce8195cb521b0cccd96008e6e8da12601",
            "content_sha512": "fb9d3363fd6759a093217478536a83046d5ff166b1ec0f7258d320b7e6978499116c82aa4cddc7d220c65c9d4714a728dedcbba74b967508a69fc3a89143dca8",
            "directory_permission": "0777",
            "file_permission": "0777",
            "filename": "/root/Git_demo/demo_lab/ansible/inventory/hosts",
            "id": "587792d084d3a19b04771750f2050fe83cbda2f5",
            "sensitive_content": null,
            "source": null
          },
          "sensitive_attributes": [],
          "dependencies": [
            "module.floatipcreate.openstack_networking_floatingip_v2.my_floating_ip"
          ]
        }
      ]
    },
    {
      "mode": "managed",
      "type": "openstack_compute_floatingip_associate_v2",
      "name": "my_instance_floating_ip",
      "provider": "provider[\"registry.terraform.io/terraform-provider-openstack/openstack\"]",
      "instances": [
        {
          "schema_version": 0,
          "attributes": {
            "fixed_ip": "",
            "floating_ip": "10.103.4.138",
            "id": "10.103.4.138/57b77de2-aa11-44a5-8b33-7589d5443f91/",
            "instance_id": "57b77de2-aa11-44a5-8b33-7589d5443f91",
            "region": "RegionOne",
            "timeouts": null,
            "wait_until_associated": null
          },
          "sensitive_attributes": [],
          "private": "eyJlMmJmYjczMC1lY2FhLTExZTYtOGY4OC0zNDM2M2JjN2M0YzAiOnsiY3JlYXRlIjo2MDAwMDAwMDAwMDB9fQ==",
          "dependencies": [
            "module.compute.openstack_compute_instance_v2.test-instance",
            "module.floatipcreate.openstack_networking_floatingip_v2.my_floating_ip",
            "module.keypair.openstack_compute_keypair_v2.test-keypair",
            "module.sgcreate.openstack_networking_secgroup_rule_v2.icmp_rule",
            "module.sgcreate.openstack_networking_secgroup_rule_v2.ssh_rule",
            "module.sgcreate.openstack_networking_secgroup_v2.test-security_group"
          ]
        }
      ]
    },
    {
      "mode": "managed",
      "type": "openstack_compute_volume_attach_v2",
      "name": "test-attach",
      "provider": "provider[\"registry.terraform.io/terraform-provider-openstack/openstack\"]",
      "instances": [
        {
          "schema_version": 0,
          "attributes": {
            "device": "/dev/vdb",
            "id": "57b77de2-aa11-44a5-8b33-7589d5443f91/5ffeeab9-6f18-4632-bdce-e251c99c0e00",
            "instance_id": "57b77de2-aa11-44a5-8b33-7589d5443f91",
            "multiattach": null,
            "region": "RegionOne",
            "timeouts": null,
            "vendor_options": [],
            "volume_id": "5ffeeab9-6f18-4632-bdce-e251c99c0e00"
          },
          "sensitive_attributes": [],
          "private": "eyJlMmJmYjczMC1lY2FhLTExZTYtOGY4OC0zNDM2M2JjN2M0YzAiOnsiY3JlYXRlIjo2MDAwMDAwMDAwMDAsImRlbGV0ZSI6NjAwMDAwMDAwMDAwfX0=",
          "dependencies": [
            "module.compute.openstack_compute_instance_v2.test-instance",
            "module.floatipcreate.openstack_networking_floatingip_v2.my_floating_ip",
            "module.keypair.openstack_compute_keypair_v2.test-keypair",
            "module.sgcreate.openstack_networking_secgroup_rule_v2.icmp_rule",
            "module.sgcreate.openstack_networking_secgroup_rule_v2.ssh_rule",
            "module.sgcreate.openstack_networking_secgroup_v2.test-security_group",
            "module.volcreate.openstack_blockstorage_volume_v3.test-volume"
          ]
        }
      ]
    },
    {
      "module": "module.compute",
      "mode": "managed",
      "type": "openstack_compute_instance_v2",
      "name": "test-instance",
      "provider": "provider[\"registry.terraform.io/terraform-provider-openstack/openstack\"]",
      "instances": [
        {
          "index_key": 0,
          "schema_version": 0,
          "attributes": {
            "access_ip_v4": "192.168.0.167",
            "access_ip_v6": "",
            "admin_pass": null,
            "all_metadata": {},
            "all_tags": [],
            "availability_zone": "nova",
            "availability_zone_hints": null,
            "block_device": [],
            "config_drive": null,
            "created": "2023-05-26 06:48:52 +0000 UTC",
            "flavor_id": "b2207c19-87f6-4e53-8fa3-a975304509da",
            "flavor_name": "m1.small",
            "floating_ip": null,
            "force_delete": false,
            "id": "57b77de2-aa11-44a5-8b33-7589d5443f91",
            "image_id": "b9decfae-85c4-4ce2-99ce-21c17a27fb12",
            "image_name": "ubuntu-20.04-cloudimg-amd64",
            "key_pair": "test-keypair",
            "metadata": null,
            "name": "test-instance",
            "network": [
              {
                "access_network": false,
                "fixed_ip_v4": "192.168.0.167",
                "fixed_ip_v6": "",
                "floating_ip": "",
                "mac": "fa:16:3e:8f:05:0c",
                "name": "inner-net_RUDE0423",
                "port": "",
                "uuid": "51ac8a05-c225-49d1-9060-a0f569b0afde"
              }
            ],
            "network_mode": null,
            "personality": [],
            "power_state": "active",
            "region": "RegionOne",
            "scheduler_hints": [],
            "security_groups": [
              "54008d32-7354-431c-ad09-936e2992d50e"
            ],
            "stop_before_destroy": false,
            "tags": null,
            "timeouts": null,
            "updated": "2023-05-26 06:49:01 +0000 UTC",
            "user_data": null,
            "vendor_options": [],
            "volume": []
          },
          "sensitive_attributes": [],
          "private": "eyJlMmJmYjczMC1lY2FhLTExZTYtOGY4OC0zNDM2M2JjN2M0YzAiOnsiY3JlYXRlIjoxODAwMDAwMDAwMDAwLCJkZWxldGUiOjE4MDAwMDAwMDAwMDAsInVwZGF0ZSI6MTgwMDAwMDAwMDAwMH19",
          "dependencies": [
            "module.floatipcreate.openstack_networking_floatingip_v2.my_floating_ip",
            "module.keypair.openstack_compute_keypair_v2.test-keypair",
            "module.sgcreate.openstack_networking_secgroup_rule_v2.icmp_rule",
            "module.sgcreate.openstack_networking_secgroup_rule_v2.ssh_rule",
            "module.sgcreate.openstack_networking_secgroup_v2.test-security_group"
          ]
        }
      ]
    },
    {
      "module": "module.floatipcreate",
      "mode": "managed",
      "type": "openstack_networking_floatingip_v2",
      "name": "my_floating_ip",
      "provider": "provider[\"registry.terraform.io/terraform-provider-openstack/openstack\"]",
      "instances": [
        {
          "index_key": 0,
          "schema_version": 0,
          "attributes": {
            "address": "10.103.4.138",
            "all_tags": [],
            "description": "",
            "dns_domain": "",
            "dns_name": "",
            "fixed_ip": "",
            "id": "e0f250be-8584-43d6-9d71-fab138d1a6cf",
            "pool": "ext-net",
            "port_id": "",
            "region": "RegionOne",
            "subnet_id": null,
            "subnet_ids": null,
            "tags": null,
            "tenant_id": "fc60e90d60954ce7aff9c42261c76b75",
            "timeouts": null,
            "value_specs": null
          },
          "sensitive_attributes": [],
          "private": "eyJlMmJmYjczMC1lY2FhLTExZTYtOGY4OC0zNDM2M2JjN2M0YzAiOnsiY3JlYXRlIjo2MDAwMDAwMDAwMDAsImRlbGV0ZSI6NjAwMDAwMDAwMDAwfX0="
        }
      ]
    },
    {
      "module": "module.keypair",
      "mode": "managed",
      "type": "openstack_compute_keypair_v2",
      "name": "test-keypair",
      "provider": "provider[\"registry.terraform.io/terraform-provider-openstack/openstack\"]",
      "instances": [
        {
          "schema_version": 0,
          "attributes": {
            "fingerprint": "f7:34:9b:7b:f8:33:ea:0f:61:1c:60:80:5a:6b:e6:7f",
            "id": "test-keypair",
            "name": "test-keypair",
            "private_key": "",
            "public_key": "ssh-rsa AAAAB3NzaC1yc2EAAAADAQABAAABAQCdYSySMhlQfoywyv/mC236DSKMoGd9R51+OOfB1X/zTZzHNszoAOooBMwf9R7Xix3EHrJsa0x62MBQ6uZb7FJZJEmcJUD6zP0xi8VqEWdkU0iHpGHbqERZCH/i3neilYsKZLeHMG3Z00lL8+iCy5/eaYuUHFWKOAuVK930pF+AXLpiKQe89frLbDMgJE6Q4Y51Hv98Vk5qoc7j4CGXEsMlka5maLgwlIiQydEZzwF3OEHrIGfCrZJXdzu40edsdDtLK+UGMvxKTp//lO4/RiagUGaZoY5zc5hJUnbjty7MOGjNS52Bp3eq0jPFTiGKyHtCterNw3oi/EccUOnNZnfP root@jumpbox\n",
            "region": "RegionOne",
            "user_id": "",
            "value_specs": null
          },
          "sensitive_attributes": [],
          "private": "bnVsbA=="
        }
      ]
    },
    {
      "module": "module.sgcreate",
      "mode": "managed",
      "type": "openstack_networking_secgroup_rule_v2",
      "name": "icmp_rule",
      "provider": "provider[\"registry.terraform.io/terraform-provider-openstack/openstack\"]",
      "instances": [
        {
          "schema_version": 0,
          "attributes": {
            "description": "",
            "direction": "ingress",
            "ethertype": "IPv4",
            "id": "1c3aae90-c220-4e5a-b10b-3983eb014960",
            "port_range_max": 0,
            "port_range_min": 0,
            "protocol": "icmp",
            "region": "RegionOne",
            "remote_group_id": "",
            "remote_ip_prefix": "0.0.0.0/0",
            "security_group_id": "54008d32-7354-431c-ad09-936e2992d50e",
            "tenant_id": "fc60e90d60954ce7aff9c42261c76b75",
            "timeouts": null
          },
          "sensitive_attributes": [],
          "private": "eyJlMmJmYjczMC1lY2FhLTExZTYtOGY4OC0zNDM2M2JjN2M0YzAiOnsiZGVsZXRlIjo2MDAwMDAwMDAwMDB9fQ==",
          "dependencies": [
            "module.sgcreate.openstack_networking_secgroup_v2.test-security_group"
          ]
        }
      ]
    },
    {
      "module": "module.sgcreate",
      "mode": "managed",
      "type": "openstack_networking_secgroup_rule_v2",
      "name": "ssh_rule",
      "provider": "provider[\"registry.terraform.io/terraform-provider-openstack/openstack\"]",
      "instances": [
        {
          "schema_version": 0,
          "attributes": {
            "description": "",
            "direction": "ingress",
            "ethertype": "IPv4",
            "id": "ec4891c4-438f-48f8-9abe-a7139217b079",
            "port_range_max": 22,
            "port_range_min": 22,
            "protocol": "tcp",
            "region": "RegionOne",
            "remote_group_id": "",
            "remote_ip_prefix": "0.0.0.0/0",
            "security_group_id": "54008d32-7354-431c-ad09-936e2992d50e",
            "tenant_id": "fc60e90d60954ce7aff9c42261c76b75",
            "timeouts": null
          },
          "sensitive_attributes": [],
          "private": "eyJlMmJmYjczMC1lY2FhLTExZTYtOGY4OC0zNDM2M2JjN2M0YzAiOnsiZGVsZXRlIjo2MDAwMDAwMDAwMDB9fQ==",
          "dependencies": [
            "module.sgcreate.openstack_networking_secgroup_v2.test-security_group"
          ]
        }
      ]
    },
    {
      "module": "module.sgcreate",
      "mode": "managed",
      "type": "openstack_networking_secgroup_v2",
      "name": "test-security_group",
      "provider": "provider[\"registry.terraform.io/terraform-provider-openstack/openstack\"]",
      "instances": [
        {
          "schema_version": 0,
          "attributes": {
            "all_tags": [],
            "delete_default_rules": null,
            "description": "Test security group",
            "id": "54008d32-7354-431c-ad09-936e2992d50e",
            "name": "test-security-group",
            "region": "RegionOne",
            "tags": null,
            "tenant_id": "fc60e90d60954ce7aff9c42261c76b75",
            "timeouts": null
          },
          "sensitive_attributes": [],
          "private": "eyJlMmJmYjczMC1lY2FhLTExZTYtOGY4OC0zNDM2M2JjN2M0YzAiOnsiZGVsZXRlIjo2MDAwMDAwMDAwMDB9fQ=="
        }
      ]
    },
    {
      "module": "module.volcreate",
      "mode": "managed",
      "type": "openstack_blockstorage_volume_v3",
      "name": "test-volume",
      "provider": "provider[\"registry.terraform.io/terraform-provider-openstack/openstack\"]",
      "instances": [
        {
          "index_key": 0,
          "schema_version": 0,
          "attributes": {
            "attachment": [],
            "availability_zone": "nova",
            "consistency_group_id": null,
            "description": "",
            "enable_online_resize": null,
            "id": "5ffeeab9-6f18-4632-bdce-e251c99c0e00",
            "image_id": null,
            "metadata": {},
            "multiattach": null,
            "name": "test-volume",
            "region": "RegionOne",
            "scheduler_hints": [],
            "size": 10,
            "snapshot_id": "",
            "source_replica": null,
            "source_vol_id": "",
            "timeouts": null,
            "volume_type": "ceph_rude0423"
          },
          "sensitive_attributes": [],
          "private": "eyJlMmJmYjczMC1lY2FhLTExZTYtOGY4OC0zNDM2M2JjN2M0YzAiOnsiY3JlYXRlIjo2MDAwMDAwMDAwMDAsImRlbGV0ZSI6NjAwMDAwMDAwMDAwfX0="
        }
      ]
    }
  ],
  "check_results": null
}
