{
  "version": 4,
  "terraform_version": "1.4.0",
  "serial": 16,
  "lineage": "fb4a391e-519e-c694-07ad-e5cccf3e562b",
  "outputs": {
    "ansible_inventory": {
      "value": {
        "servers": [
          "10.103.4.63"
        ]
      },
      "type": [
        "object",
        {
          "servers": [
            "list",
            "string"
          ]
        }
      ]
    }
  },
  "resources": [
    {
      "mode": "managed",
      "type": "local_file",
      "name": "hosts_cfg",
      "provider": "provider[\"registry.terraform.io/hashicorp/local\"]",
      "instances": [
        {
          "schema_version": 0,
          "attributes": {
            "content": "[servers]\n10.103.4.63",
            "content_base64": null,
            "content_base64sha256": "AWIffpufvHlRXmMxqh+YY5h3vm8VbWyAJ0xQyTGToz8=",
            "content_base64sha512": "jGbcH6Uh1XWduv7NaVLXGuAHzyyzT4hLU9EsSOTxRxihkS36RPcqUUrVJhmrjlMPOXf3na0wrSAeRywVxsvn7Q==",
            "content_md5": "d57b94c6c81cb73b102ca0ebfb062d1d",
            "content_sha1": "0971c49e641b7dc9568e87367f16b978e35490e5",
            "content_sha256": "01621f7e9b9fbc79515e6331aa1f98639877be6f156d6c80274c50c93193a33f",
            "content_sha512": "8c66dc1fa521d5759dbafecd6952d71ae007cf2cb34f884b53d12c48e4f14718a1912dfa44f72a514ad52619ab8e530f3977f79dad30ad201e472c15c6cbe7ed",
            "directory_permission": "0777",
            "file_permission": "0777",
            "filename": "/root/Git_demo/demo_lab/ansible/inventory/hosts",
            "id": "0971c49e641b7dc9568e87367f16b978e35490e5",
            "sensitive_content": null,
            "source": null
          },
          "sensitive_attributes": [],
          "dependencies": [
            "module.floatipcreate.openstack_networking_floatingip_v2.my_floating_ip"
          ]
        }
      ]
    },
    {
      "mode": "managed",
      "type": "openstack_compute_floatingip_associate_v2",
      "name": "my_instance_floating_ip",
      "provider": "provider[\"registry.terraform.io/terraform-provider-openstack/openstack\"]",
      "instances": [
        {
          "schema_version": 0,
          "attributes": {
            "fixed_ip": "",
            "floating_ip": "10.103.4.63",
            "id": "10.103.4.63/8e54b758-28cd-4bf0-87d4-4f8df962540c/",
            "instance_id": "8e54b758-28cd-4bf0-87d4-4f8df962540c",
            "region": "RegionOne",
            "timeouts": null,
            "wait_until_associated": null
          },
          "sensitive_attributes": [],
          "private": "eyJlMmJmYjczMC1lY2FhLTExZTYtOGY4OC0zNDM2M2JjN2M0YzAiOnsiY3JlYXRlIjo2MDAwMDAwMDAwMDB9fQ==",
          "dependencies": [
            "module.compute.openstack_compute_instance_v2.test-instance",
            "module.floatipcreate.openstack_networking_floatingip_v2.my_floating_ip",
            "module.keypair.openstack_compute_keypair_v2.test-keypair",
            "module.sgcreate.openstack_networking_secgroup_rule_v2.icmp_rule",
            "module.sgcreate.openstack_networking_secgroup_rule_v2.ssh_rule",
            "module.sgcreate.openstack_networking_secgroup_v2.test-security_group"
          ]
        }
      ]
    },
    {
      "mode": "managed",
      "type": "openstack_compute_volume_attach_v2",
      "name": "test-attach",
      "provider": "provider[\"registry.terraform.io/terraform-provider-openstack/openstack\"]",
      "instances": [
        {
          "schema_version": 0,
          "attributes": {
            "device": "/dev/vdb",
            "id": "8e54b758-28cd-4bf0-87d4-4f8df962540c/89384cd9-e0fb-459f-9e72-b5c7d5880c0b",
            "instance_id": "8e54b758-28cd-4bf0-87d4-4f8df962540c",
            "multiattach": null,
            "region": "RegionOne",
            "timeouts": null,
            "vendor_options": [],
            "volume_id": "89384cd9-e0fb-459f-9e72-b5c7d5880c0b"
          },
          "sensitive_attributes": [],
          "private": "eyJlMmJmYjczMC1lY2FhLTExZTYtOGY4OC0zNDM2M2JjN2M0YzAiOnsiY3JlYXRlIjo2MDAwMDAwMDAwMDAsImRlbGV0ZSI6NjAwMDAwMDAwMDAwfX0=",
          "dependencies": [
            "module.compute.openstack_compute_instance_v2.test-instance",
            "module.floatipcreate.openstack_networking_floatingip_v2.my_floating_ip",
            "module.keypair.openstack_compute_keypair_v2.test-keypair",
            "module.sgcreate.openstack_networking_secgroup_rule_v2.icmp_rule",
            "module.sgcreate.openstack_networking_secgroup_rule_v2.ssh_rule",
            "module.sgcreate.openstack_networking_secgroup_v2.test-security_group",
            "module.volcreate.openstack_blockstorage_volume_v3.test-volume"
          ]
        }
      ]
    },
    {
      "module": "module.compute",
      "mode": "managed",
      "type": "openstack_compute_instance_v2",
      "name": "test-instance",
      "provider": "provider[\"registry.terraform.io/terraform-provider-openstack/openstack\"]",
      "instances": [
        {
          "index_key": 0,
          "schema_version": 0,
          "attributes": {
            "access_ip_v4": "192.168.0.118",
            "access_ip_v6": "",
            "admin_pass": null,
            "all_metadata": {},
            "all_tags": [],
            "availability_zone": "nova",
            "availability_zone_hints": null,
            "block_device": [],
            "config_drive": null,
            "flavor_id": "b2207c19-87f6-4e53-8fa3-a975304509da",
            "flavor_name": "m1.small",
            "floating_ip": null,
            "force_delete": false,
            "id": "8e54b758-28cd-4bf0-87d4-4f8df962540c",
            "image_id": "b9decfae-85c4-4ce2-99ce-21c17a27fb12",
            "image_name": "ubuntu-20.04-cloudimg-amd64",
            "key_pair": "test-keypair",
            "metadata": null,
            "name": "test-instance",
            "network": [
              {
                "access_network": false,
                "fixed_ip_v4": "192.168.0.118",
                "fixed_ip_v6": "",
                "floating_ip": "",
                "mac": "fa:16:3e:57:72:18",
                "name": "inner-net_RUDE0423",
                "port": "",
                "uuid": "51ac8a05-c225-49d1-9060-a0f569b0afde"
              }
            ],
            "network_mode": null,
            "personality": [],
            "power_state": "active",
            "region": "RegionOne",
            "scheduler_hints": [],
            "security_groups": [
              "16809ebb-b169-40d5-a8f6-92f5edefe6dd"
            ],
            "stop_before_destroy": false,
            "tags": null,
            "timeouts": null,
            "user_data": null,
            "vendor_options": [],
            "volume": []
          },
          "sensitive_attributes": [],
          "private": "eyJlMmJmYjczMC1lY2FhLTExZTYtOGY4OC0zNDM2M2JjN2M0YzAiOnsiY3JlYXRlIjoxODAwMDAwMDAwMDAwLCJkZWxldGUiOjE4MDAwMDAwMDAwMDAsInVwZGF0ZSI6MTgwMDAwMDAwMDAwMH19",
          "dependencies": [
            "module.floatipcreate.openstack_networking_floatingip_v2.my_floating_ip",
            "module.keypair.openstack_compute_keypair_v2.test-keypair",
            "module.sgcreate.openstack_networking_secgroup_rule_v2.icmp_rule",
            "module.sgcreate.openstack_networking_secgroup_rule_v2.ssh_rule",
            "module.sgcreate.openstack_networking_secgroup_v2.test-security_group"
          ]
        }
      ]
    },
    {
      "module": "module.floatipcreate",
      "mode": "managed",
      "type": "openstack_networking_floatingip_v2",
      "name": "my_floating_ip",
      "provider": "provider[\"registry.terraform.io/terraform-provider-openstack/openstack\"]",
      "instances": [
        {
          "index_key": 0,
          "schema_version": 0,
          "attributes": {
            "address": "10.103.4.63",
            "all_tags": [],
            "description": "",
            "dns_domain": "",
            "dns_name": "",
            "fixed_ip": "",
            "id": "ea6667e8-03ab-4be1-947e-c0efb69d2bb2",
            "pool": "ext-net",
            "port_id": "",
            "region": "RegionOne",
            "subnet_id": null,
            "subnet_ids": null,
            "tags": null,
            "tenant_id": "fc60e90d60954ce7aff9c42261c76b75",
            "timeouts": null,
            "value_specs": null
          },
          "sensitive_attributes": [],
          "private": "eyJlMmJmYjczMC1lY2FhLTExZTYtOGY4OC0zNDM2M2JjN2M0YzAiOnsiY3JlYXRlIjo2MDAwMDAwMDAwMDAsImRlbGV0ZSI6NjAwMDAwMDAwMDAwfX0="
        }
      ]
    },
    {
      "module": "module.keypair",
      "mode": "managed",
      "type": "openstack_compute_keypair_v2",
      "name": "test-keypair",
      "provider": "provider[\"registry.terraform.io/terraform-provider-openstack/openstack\"]",
      "instances": [
        {
          "schema_version": 0,
          "attributes": {
            "fingerprint": "f7:34:9b:7b:f8:33:ea:0f:61:1c:60:80:5a:6b:e6:7f",
            "id": "test-keypair",
            "name": "test-keypair",
            "private_key": "",
            "public_key": "ssh-rsa AAAAB3NzaC1yc2EAAAADAQABAAABAQCdYSySMhlQfoywyv/mC236DSKMoGd9R51+OOfB1X/zTZzHNszoAOooBMwf9R7Xix3EHrJsa0x62MBQ6uZb7FJZJEmcJUD6zP0xi8VqEWdkU0iHpGHbqERZCH/i3neilYsKZLeHMG3Z00lL8+iCy5/eaYuUHFWKOAuVK930pF+AXLpiKQe89frLbDMgJE6Q4Y51Hv98Vk5qoc7j4CGXEsMlka5maLgwlIiQydEZzwF3OEHrIGfCrZJXdzu40edsdDtLK+UGMvxKTp//lO4/RiagUGaZoY5zc5hJUnbjty7MOGjNS52Bp3eq0jPFTiGKyHtCterNw3oi/EccUOnNZnfP root@jumpbox\n",
            "region": "RegionOne",
            "user_id": "",
            "value_specs": null
          },
          "sensitive_attributes": [],
          "private": "bnVsbA=="
        }
      ]
    },
    {
      "module": "module.sgcreate",
      "mode": "managed",
      "type": "openstack_networking_secgroup_rule_v2",
      "name": "icmp_rule",
      "provider": "provider[\"registry.terraform.io/terraform-provider-openstack/openstack\"]",
      "instances": [
        {
          "schema_version": 0,
          "attributes": {
            "description": "",
            "direction": "ingress",
            "ethertype": "IPv4",
            "id": "44c53dbd-ac1b-49c9-a5d5-e6dc1a9c9b6a",
            "port_range_max": 0,
            "port_range_min": 0,
            "protocol": "icmp",
            "region": "RegionOne",
            "remote_group_id": "",
            "remote_ip_prefix": "0.0.0.0/0",
            "security_group_id": "16809ebb-b169-40d5-a8f6-92f5edefe6dd",
            "tenant_id": "fc60e90d60954ce7aff9c42261c76b75",
            "timeouts": null
          },
          "sensitive_attributes": [],
          "private": "eyJlMmJmYjczMC1lY2FhLTExZTYtOGY4OC0zNDM2M2JjN2M0YzAiOnsiZGVsZXRlIjo2MDAwMDAwMDAwMDB9fQ==",
          "dependencies": [
            "module.sgcreate.openstack_networking_secgroup_v2.test-security_group"
          ]
        }
      ]
    },
    {
      "module": "module.sgcreate",
      "mode": "managed",
      "type": "openstack_networking_secgroup_rule_v2",
      "name": "ssh_rule",
      "provider": "provider[\"registry.terraform.io/terraform-provider-openstack/openstack\"]",
      "instances": [
        {
          "schema_version": 0,
          "attributes": {
            "description": "",
            "direction": "ingress",
            "ethertype": "IPv4",
            "id": "afc50190-b4aa-408d-b75b-f07e977ae240",
            "port_range_max": 22,
            "port_range_min": 22,
            "protocol": "tcp",
            "region": "RegionOne",
            "remote_group_id": "",
            "remote_ip_prefix": "0.0.0.0/0",
            "security_group_id": "16809ebb-b169-40d5-a8f6-92f5edefe6dd",
            "tenant_id": "fc60e90d60954ce7aff9c42261c76b75",
            "timeouts": null
          },
          "sensitive_attributes": [],
          "private": "eyJlMmJmYjczMC1lY2FhLTExZTYtOGY4OC0zNDM2M2JjN2M0YzAiOnsiZGVsZXRlIjo2MDAwMDAwMDAwMDB9fQ==",
          "dependencies": [
            "module.sgcreate.openstack_networking_secgroup_v2.test-security_group"
          ]
        }
      ]
    },
    {
      "module": "module.sgcreate",
      "mode": "managed",
      "type": "openstack_networking_secgroup_v2",
      "name": "test-security_group",
      "provider": "provider[\"registry.terraform.io/terraform-provider-openstack/openstack\"]",
      "instances": [
        {
          "schema_version": 0,
          "attributes": {
            "all_tags": [],
            "delete_default_rules": null,
            "description": "Test security group",
            "id": "16809ebb-b169-40d5-a8f6-92f5edefe6dd",
            "name": "test-security-group",
            "region": "RegionOne",
            "tags": null,
            "tenant_id": "fc60e90d60954ce7aff9c42261c76b75",
            "timeouts": null
          },
          "sensitive_attributes": [],
          "private": "eyJlMmJmYjczMC1lY2FhLTExZTYtOGY4OC0zNDM2M2JjN2M0YzAiOnsiZGVsZXRlIjo2MDAwMDAwMDAwMDB9fQ=="
        }
      ]
    },
    {
      "module": "module.volcreate",
      "mode": "managed",
      "type": "openstack_blockstorage_volume_v3",
      "name": "test-volume",
      "provider": "provider[\"registry.terraform.io/terraform-provider-openstack/openstack\"]",
      "instances": [
        {
          "index_key": 0,
          "schema_version": 0,
          "attributes": {
            "attachment": [],
            "availability_zone": "nova",
            "consistency_group_id": null,
            "description": "",
            "enable_online_resize": null,
            "id": "89384cd9-e0fb-459f-9e72-b5c7d5880c0b",
            "image_id": null,
            "metadata": {},
            "multiattach": null,
            "name": "test-volume",
            "region": "RegionOne",
            "scheduler_hints": [],
            "size": 10,
            "snapshot_id": "",
            "source_replica": null,
            "source_vol_id": "",
            "timeouts": null,
            "volume_type": "ceph_rude0423"
          },
          "sensitive_attributes": [],
          "private": "eyJlMmJmYjczMC1lY2FhLTExZTYtOGY4OC0zNDM2M2JjN2M0YzAiOnsiY3JlYXRlIjo2MDAwMDAwMDAwMDAsImRlbGV0ZSI6NjAwMDAwMDAwMDAwfX0="
        }
      ]
    }
  ],
  "check_results": null
}
